
Microsoft Visual Studio Solution File, Format Version 12.00
# Visual Studio Version 16
VisualStudioVersion = 16.0.810.22
MinimumVisualStudioVersion = 10.0.40219.1
Project("{FAE04EC0-301F-11D3-BF4B-00C04F79EFBC}") = "Tienda_Virtual", "Tienda_Virtual\Tienda_Virtual.csproj", "{30904722-0A33-44C2-AD6A-3BCEC563D2AE}"
EndProject
Global
	GlobalSection(SolutionConfigurationPlatforms) = preSolution
		Debug|anycpu = Debug|anycpu
		Release|anycpu = Release|anycpu
	EndGlobalSection
	GlobalSection(ProjectConfigurationPlatforms) = postSolution
		{30904722-0A33-44C2-AD6A-3BCEC563D2AE}.Debug|anycpu.ActiveCfg = Debug|anycpu
		{30904722-0A33-44C2-AD6A-3BCEC563D2AE}.Debug|anycpu.Build.0 = Debug|anycpu
		{30904722-0A33-44C2-AD6A-3BCEC563D2AE}.Release|anycpu.ActiveCfg = Release|anycpu
		{30904722-0A33-44C2-AD6A-3BCEC563D2AE}.Release|anycpu.Build.0 = Release|anycpu
	EndGlobalSection
	GlobalSection(SolutionProperties) = preSolution
		HideSolutionNode = FALSE
	EndGlobalSection
	GlobalSection(ExtensibilityGlobals) = postSolution
		SolutionGuid = {C5F25C9B-A6E4-46AC-9CFE-F7D623F17846}
	EndGlobalSection
EndGlobal
